Microsoft Visual Studio Solution File, Format Version 11.00
# Visual Studio 2010
Project("{8BC9CEB8-8B4A-11D0-8D11-00A0C91BC942}") = "ALL_BUILD", "ALL_BUILD.vcxproj", "{22FFD857-7787-4DB3-8DE6-E93D8C98BF38}"
	ProjectSection(ProjectDependencies) = postProject
		{AAE8079F-9A71-4E42-9022-2F3F7245CF53} = {AAE8079F-9A71-4E42-9022-2F3F7245CF53}
		{8334656F-284F-4E44-A419-21E32863AA49} = {8334656F-284F-4E44-A419-21E32863AA49}
	EndProjectSection
EndProject
Project("{8BC9CEB8-8B4A-11D0-8D11-00A0C91BC942}") = "ZERO_CHECK", "ZERO_CHECK.vcxproj", "{AAE8079F-9A71-4E42-9022-2F3F7245CF53}"
	ProjectSection(ProjectDependencies) = postProject
	EndProjectSection
EndProject
Project("{8BC9CEB8-8B4A-11D0-8D11-00A0C91BC942}") = "premiertest", "premiertest.vcxproj", "{8334656F-284F-4E44-A419-21E32863AA49}"
	ProjectSection(ProjectDependencies) = postProject
		{AAE8079F-9A71-4E42-9022-2F3F7245CF53} = {AAE8079F-9A71-4E42-9022-2F3F7245CF53}
	EndProjectSection
EndProject
Global
	GlobalSection(SolutionConfigurationPlatforms) = preSolution
		Debug|x64 = Debug|x64
		Release|x64 = Release|x64
		MinSizeRel|x64 = MinSizeRel|x64
		RelWithDebInfo|x64 = RelWithDebInfo|x64
	EndGlobalSection
	GlobalSection(ProjectConfigurationPlatforms) = postSolution
		{22FFD857-7787-4DB3-8DE6-E93D8C98BF38}.Debug|x64.ActiveCfg = Debug|x64
		{22FFD857-7787-4DB3-8DE6-E93D8C98BF38}.Release|x64.ActiveCfg = Release|x64
		{22FFD857-7787-4DB3-8DE6-E93D8C98BF38}.MinSizeRel|x64.ActiveCfg = MinSizeRel|x64
		{22FFD857-7787-4DB3-8DE6-E93D8C98BF38}.RelWithDebInfo|x64.ActiveCfg = RelWithDebInfo|x64
		{AAE8079F-9A71-4E42-9022-2F3F7245CF53}.Debug|x64.ActiveCfg = Debug|x64
		{AAE8079F-9A71-4E42-9022-2F3F7245CF53}.Debug|x64.Build.0 = Debug|x64
		{AAE8079F-9A71-4E42-9022-2F3F7245CF53}.Release|x64.ActiveCfg = Release|x64
		{AAE8079F-9A71-4E42-9022-2F3F7245CF53}.Release|x64.Build.0 = Release|x64
		{AAE8079F-9A71-4E42-9022-2F3F7245CF53}.MinSizeRel|x64.ActiveCfg = MinSizeRel|x64
		{AAE8079F-9A71-4E42-9022-2F3F7245CF53}.MinSizeRel|x64.Build.0 = MinSizeRel|x64
		{AAE8079F-9A71-4E42-9022-2F3F7245CF53}.RelWithDebInfo|x64.ActiveCfg = RelWithDebInfo|x64
		{AAE8079F-9A71-4E42-9022-2F3F7245CF53}.RelWithDebInfo|x64.Build.0 = RelWithDebInfo|x64
		{8334656F-284F-4E44-A419-21E32863AA49}.Debug|x64.ActiveCfg = Debug|x64
		{8334656F-284F-4E44-A419-21E32863AA49}.Debug|x64.Build.0 = Debug|x64
		{8334656F-284F-4E44-A419-21E32863AA49}.Release|x64.ActiveCfg = Release|x64
		{8334656F-284F-4E44-A419-21E32863AA49}.Release|x64.Build.0 = Release|x64
		{8334656F-284F-4E44-A419-21E32863AA49}.MinSizeRel|x64.ActiveCfg = MinSizeRel|x64
		{8334656F-284F-4E44-A419-21E32863AA49}.MinSizeRel|x64.Build.0 = MinSizeRel|x64
		{8334656F-284F-4E44-A419-21E32863AA49}.RelWithDebInfo|x64.ActiveCfg = RelWithDebInfo|x64
		{8334656F-284F-4E44-A419-21E32863AA49}.RelWithDebInfo|x64.Build.0 = RelWithDebInfo|x64
	EndGlobalSection
	GlobalSection(ExtensibilityGlobals) = postSolution
	EndGlobalSection
	GlobalSection(ExtensibilityAddIns) = postSolution
	EndGlobalSection
EndGlobal
